
Microsoft Visual Studio Solution File, Format Version 12.00
# Visual Studio Version 17
VisualStudioVersion = 17.12.35521.163 d17.12
MinimumVisualStudioVersion = 10.0.40219.1
Project("{FAE04EC0-301F-11D3-BF4B-00C04F79EFBC}") = "ADV04", "ADV04\ADV04.csproj", "{8023F9CC-1BF3-41A5-9E2D-BD17FCBB401D}"
EndProject
Global
	GlobalSection(SolutionConfigurationPlatforms) = preSolution
		Debug|Any CPU = Debug|Any CPU
		Release|Any CPU = Release|Any CPU
	EndGlobalSection
	GlobalSection(ProjectConfigurationPlatforms) = postSolution
		{8023F9CC-1BF3-41A5-9E2D-BD17FCBB401D}.Debug|Any CPU.ActiveCfg = Debug|Any CPU
		{8023F9CC-1BF3-41A5-9E2D-BD17FCBB401D}.Debug|Any CPU.Build.0 = Debug|Any CPU
		{8023F9CC-1BF3-41A5-9E2D-BD17FCBB401D}.Release|Any CPU.ActiveCfg = Release|Any CPU
		{8023F9CC-1BF3-41A5-9E2D-BD17FCBB401D}.Release|Any CPU.Build.0 = Release|Any CPU
	EndGlobalSection
	GlobalSection(SolutionProperties) = preSolution
		HideSolutionNode = FALSE
	EndGlobalSection
EndGlobal
